// !$*UTF8*$!
{
	archiveVersion = 1;
	classes = {
	};
	objectVersion = 55;
	objects = {

/* Begin PBXBuildFile section */
		37793BA07FA1DD675988378E /* libPods-PexelsDemo.a in Frameworks */ = {isa = PBXBuildFile; fileRef = 134F2B8C2C19217CB03CCF57 /* libPods-PexelsDemo.a */; };
		60670CAF27BCD26200702B48 /* PhotosResource.swift in Sources */ = {isa = PBXBuildFile; fileRef = 60670CAE27BCD26200702B48 /* PhotosResource.swift */; };
		60670CB227BCF8FD00702B48 /* PhotoViewCell.swift in Sources */ = {isa = PBXBuildFile; fileRef = 60670CB027BCF8FD00702B48 /* PhotoViewCell.swift */; };
		60670CB327BCF8FD00702B48 /* PhotoViewCell.xib in Resources */ = {isa = PBXBuildFile; fileRef = 60670CB127BCF8FD00702B48 /* PhotoViewCell.xib */; };
		609E61D527BBAA270057E66B /* AppDelegate.swift in Sources */ = {isa = PBXBuildFile; fileRef = 609E61D427BBAA270057E66B /* AppDelegate.swift */; };
		609E61D727BBAA270057E66B /* SceneDelegate.swift in Sources */ = {isa = PBXBuildFile; fileRef = 609E61D627BBAA270057E66B /* SceneDelegate.swift */; };
		609E61D927BBAA270057E66B /* ViewController.swift in Sources */ = {isa = PBXBuildFile; fileRef = 609E61D827BBAA270057E66B /* ViewController.swift */; };
		609E61DC27BBAA270057E66B /* Main.storyboard in Resources */ = {isa = PBXBuildFile; fileRef = 609E61DA27BBAA270057E66B /* Main.storyboard */; };
		609E61DE27BBAA290057E66B /* Assets.xcassets in Resources */ = {isa = PBXBuildFile; fileRef = 609E61DD27BBAA290057E66B /* Assets.xcassets */; };
		609E61E127BBAA290057E66B /* LaunchScreen.storyboard in Resources */ = {isa = PBXBuildFile; fileRef = 609E61DF27BBAA290057E66B /* LaunchScreen.storyboard */; };
		609E61EC27BBAA290057E66B /* PexelsDemoTests.swift in Sources */ = {isa = PBXBuildFile; fileRef = 609E61EB27BBAA290057E66B /* PexelsDemoTests.swift */; };
		609E61F627BBAA290057E66B /* PexelsDemoUITests.swift in Sources */ = {isa = PBXBuildFile; fileRef = 609E61F527BBAA290057E66B /* PexelsDemoUITests.swift */; };
		609E61F827BBAA290057E66B /* PexelsDemoUITestsLaunchTests.swift in Sources */ = {isa = PBXBuildFile; fileRef = 609E61F727BBAA290057E66B /* PexelsDemoUITestsLaunchTests.swift */; };
		609E620527BBABE90057E66B /* ViewModel.swift in Sources */ = {isa = PBXBuildFile; fileRef = 609E620427BBABE90057E66B /* ViewModel.swift */; };
		609E620B27BBAFAB0057E66B /* APIClient.swift in Sources */ = {isa = PBXBuildFile; fileRef = 609E620A27BBAFAB0057E66B /* APIClient.swift */; };
		609E620D27BBB0B80057E66B /* APIResource.swift in Sources */ = {isa = PBXBuildFile; fileRef = 609E620C27BBB0B80057E66B /* APIResource.swift */; };
		609E620F27BBBE310057E66B /* NetworkRequest.swift in Sources */ = {isa = PBXBuildFile; fileRef = 609E620E27BBBE310057E66B /* NetworkRequest.swift */; };
		609E621127BBC3190057E66B /* ImageRequest.swift in Sources */ = {isa = PBXBuildFile; fileRef = 609E621027BBC3190057E66B /* ImageRequest.swift */; };
		609E621327BBC7A80057E66B /* APIRequest.swift in Sources */ = {isa = PBXBuildFile; fileRef = 609E621227BBC7A80057E66B /* APIRequest.swift */; };
		609E621527BBCBE20057E66B /* Photo.swift in Sources */ = {isa = PBXBuildFile; fileRef = 609E621427BBCBE20057E66B /* Photo.swift */; };
		9F8691EE75A8421100EF2FF6 /* libPods-PexelsDemoTests.a in Frameworks */ = {isa = PBXBuildFile; fileRef = 32699B591DD70DE161587CB7 /* libPods-PexelsDemoTests.a */; };
/* End PBXBuildFile section */

/* Begin PBXContainerItemProxy section */
		609E61E827BBAA290057E66B /* PBXContainerItemProxy */ = {
			isa = PBXContainerItemProxy;
			containerPortal = 609E61C927BBAA270057E66B /* Project object */;
			proxyType = 1;
			remoteGlobalIDString = 609E61D027BBAA270057E66B;
			remoteInfo = PexelsDemo;
		};
		609E61F227BBAA290057E66B /* PBXContainerItemProxy */ = {
			isa = PBXContainerItemProxy;
			containerPortal = 609E61C927BBAA270057E66B /* Project object */;
			proxyType = 1;
			remoteGlobalIDString = 609E61D027BBAA270057E66B;
			remoteInfo = PexelsDemo;
		};
/* End PBXContainerItemProxy section */

/* Begin PBXFileReference section */
		134F2B8C2C19217CB03CCF57 /* libPods-PexelsDemo.a */ = {isa = PBXFileReference; explicitFileType = archive.ar; includeInIndex = 0; path = "libPods-PexelsDemo.a"; sourceTree = BUILT_PRODUCTS_DIR; };
		2F78905CDA80BAB2977215C4 /* Pods-PexelsDemoTests.debug.xcconfig */ = {isa = PBXFileReference; includeInIndex = 1; lastKnownFileType = text.xcconfig; name = "Pods-PexelsDemoTests.debug.xcconfig"; path = "Target Support Files/Pods-PexelsDemoTests/Pods-PexelsDemoTests.debug.xcconfig"; sourceTree = "<group>"; };
		32699B591DD70DE161587CB7 /* libPods-PexelsDemoTests.a */ = {isa = PBXFileReference; explicitFileType = archive.ar; includeInIndex = 0; path = "libPods-PexelsDemoTests.a"; sourceTree = BUILT_PRODUCTS_DIR; };
		60670CAE27BCD26200702B48 /* PhotosResource.swift */ = {isa = PBXFileReference; lastKnownFileType = sourcecode.swift; path = PhotosResource.swift; sourceTree = "<group>"; };
		60670CB027BCF8FD00702B48 /* PhotoViewCell.swift */ = {isa = PBXFileReference; lastKnownFileType = sourcecode.swift; path = PhotoViewCell.swift; sourceTree = "<group>"; };
		60670CB127BCF8FD00702B48 /* PhotoViewCell.xib */ = {isa = PBXFileReference; lastKnownFileType = file.xib; path = PhotoViewCell.xib; sourceTree = "<group>"; };
		609E61D127BBAA270057E66B /* PexelsDemo.app */ = {isa = PBXFileReference; explicitFileType = wrapper.application; includeInIndex = 0; path = PexelsDemo.app; sourceTree = BUILT_PRODUCTS_DIR; };
		609E61D427BBAA270057E66B /* AppDelegate.swift */ = {isa = PBXFileReference; lastKnownFileType = sourcecode.swift; path = AppDelegate.swift; sourceTree = "<group>"; };
		609E61D627BBAA270057E66B /* SceneDelegate.swift */ = {isa = PBXFileReference; lastKnownFileType = sourcecode.swift; path = SceneDelegate.swift; sourceTree = "<group>"; };
		609E61D827BBAA270057E66B /* ViewController.swift */ = {isa = PBXFileReference; lastKnownFileType = sourcecode.swift; path = ViewController.swift; sourceTree = "<group>"; };
		609E61DB27BBAA270057E66B /* Base */ = {isa = PBXFileReference; lastKnownFileType = file.storyboard; name = Base; path = Base.lproj/Main.storyboard; sourceTree = "<group>"; };
		609E61DD27BBAA290057E66B /* Assets.xcassets */ = {isa = PBXFileReference; lastKnownFileType = folder.assetcatalog; path = Assets.xcassets; sourceTree = "<group>"; };
		609E61E027BBAA290057E66B /* Base */ = {isa = PBXFileReference; lastKnownFileType = file.storyboard; name = Base; path = Base.lproj/LaunchScreen.storyboard; sourceTree = "<group>"; };
		609E61E227BBAA290057E66B /* Info.plist */ = {isa = PBXFileReference; lastKnownFileType = text.plist.xml; path = Info.plist; sourceTree = "<group>"; };
		609E61E727BBAA290057E66B /* PexelsDemoTests.xctest */ = {isa = PBXFileReference; explicitFileType = wrapper.cfbundle; includeInIndex = 0; path = PexelsDemoTests.xctest; sourceTree = BUILT_PRODUCTS_DIR; };
		609E61EB27BBAA290057E66B /* PexelsDemoTests.swift */ = {isa = PBXFileReference; lastKnownFileType = sourcecode.swift; path = PexelsDemoTests.swift; sourceTree = "<group>"; };
		609E61F127BBAA290057E66B /* PexelsDemoUITests.xctest */ = {isa = PBXFileReference; explicitFileType = wrapper.cfbundle; includeInIndex = 0; path = PexelsDemoUITests.xctest; sourceTree = BUILT_PRODUCTS_DIR; };
		609E61F527BBAA290057E66B /* PexelsDemoUITests.swift */ = {isa = PBXFileReference; lastKnownFileType = sourcecode.swift; path = PexelsDemoUITests.swift; sourceTree = "<group>"; };
		609E61F727BBAA290057E66B /* PexelsDemoUITestsLaunchTests.swift */ = {isa = PBXFileReference; lastKnownFileType = sourcecode.swift; path = PexelsDemoUITestsLaunchTests.swift; sourceTree = "<group>"; };
		609E620427BBABE90057E66B /* ViewModel.swift */ = {isa = PBXFileReference; lastKnownFileType = sourcecode.swift; path = ViewModel.swift; sourceTree = "<group>"; };
		609E620A27BBAFAB0057E66B /* APIClient.swift */ = {isa = PBXFileReference; lastKnownFileType = sourcecode.swift; path = APIClient.swift; sourceTree = "<group>"; };
		609E620C27BBB0B80057E66B /* APIResource.swift */ = {isa = PBXFileReference; lastKnownFileType = sourcecode.swift; path = APIResource.swift; sourceTree = "<group>"; };
		609E620E27BBBE310057E66B /* NetworkRequest.swift */ = {isa = PBXFileReference; lastKnownFileType = sourcecode.swift; path = NetworkRequest.swift; sourceTree = "<group>"; };
		609E621027BBC3190057E66B /* ImageRequest.swift */ = {isa = PBXFileReference; lastKnownFileType = sourcecode.swift; path = ImageRequest.swift; sourceTree = "<group>"; };
		609E621227BBC7A80057E66B /* APIRequest.swift */ = {isa = PBXFileReference; lastKnownFileType = sourcecode.swift; path = APIRequest.swift; sourceTree = "<group>"; };
		609E621427BBCBE20057E66B /* Photo.swift */ = {isa = PBXFileReference; lastKnownFileType = sourcecode.swift; path = Photo.swift; sourceTree = "<group>"; };
		6B8562F631364BBD140A6F21 /* Pods-PexelsDemo.release.xcconfig */ = {isa = PBXFileReference; includeInIndex = 1; lastKnownFileType = text.xcconfig; name = "Pods-PexelsDemo.release.xcconfig"; path = "Target Support Files/Pods-PexelsDemo/Pods-PexelsDemo.release.xcconfig"; sourceTree = "<group>"; };
		BA30679F4EB31274DF93260A /* Pods-PexelsDemoTests.release.xcconfig */ = {isa = PBXFileReference; includeInIndex = 1; lastKnownFileType = text.xcconfig; name = "Pods-PexelsDemoTests.release.xcconfig"; path = "Target Support Files/Pods-PexelsDemoTests/Pods-PexelsDemoTests.release.xcconfig"; sourceTree = "<group>"; };
		CF409E64CF5CC3E65D5C36C2 /* Pods-PexelsDemo.debug.xcconfig */ = {isa = PBXFileReference; includeInIndex = 1; lastKnownFileType = text.xcconfig; name = "Pods-PexelsDemo.debug.xcconfig"; path = "Target Support Files/Pods-PexelsDemo/Pods-PexelsDemo.debug.xcconfig"; sourceTree = "<group>"; };
/* End PBXFileReference section */

/* Begin PBXFrameworksBuildPhase section */
		609E61CE27BBAA270057E66B /* Frameworks */ = {
			isa = PBXFrameworksBuildPhase;
			buildActionMask = 2147483647;
			files = (
				37793BA07FA1DD675988378E /* libPods-PexelsDemo.a in Frameworks */,
			);
			runOnlyForDeploymentPostprocessing = 0;
		};
		609E61E427BBAA290057E66B /* Frameworks */ = {
			isa = PBXFrameworksBuildPhase;
			buildActionMask = 2147483647;
			files = (
				9F8691EE75A8421100EF2FF6 /* libPods-PexelsDemoTests.a in Frameworks */,
			);
			runOnlyForDeploymentPostprocessing = 0;
		};
		609E61EE27BBAA290057E66B /* Frameworks */ = {
			isa = PBXFrameworksBuildPhase;
			buildActionMask = 2147483647;
			files = (
			);
			runOnlyForDeploymentPostprocessing = 0;
		};
/* End PBXFrameworksBuildPhase section */

/* Begin PBXGroup section */
		0B548A0D6DDA8703F1424FA6 /* Pods */ = {
			isa = PBXGroup;
			children = (
				CF409E64CF5CC3E65D5C36C2 /* Pods-PexelsDemo.debug.xcconfig */,
				6B8562F631364BBD140A6F21 /* Pods-PexelsDemo.release.xcconfig */,
				2F78905CDA80BAB2977215C4 /* Pods-PexelsDemoTests.debug.xcconfig */,
				BA30679F4EB31274DF93260A /* Pods-PexelsDemoTests.release.xcconfig */,
			);
			path = Pods;
			sourceTree = "<group>";
		};
		34268371F3D6435A73713B5F /* Frameworks */ = {
			isa = PBXGroup;
			children = (
				134F2B8C2C19217CB03CCF57 /* libPods-PexelsDemo.a */,
				32699B591DD70DE161587CB7 /* libPods-PexelsDemoTests.a */,
			);
			name = Frameworks;
			sourceTree = "<group>";
		};
		609E61C827BBAA270057E66B = {
			isa = PBXGroup;
			children = (
				609E61D327BBAA270057E66B /* PexelsDemo */,
				609E61EA27BBAA290057E66B /* PexelsDemoTests */,
				609E61F427BBAA290057E66B /* PexelsDemoUITests */,
				609E61D227BBAA270057E66B /* Products */,
				0B548A0D6DDA8703F1424FA6 /* Pods */,
				34268371F3D6435A73713B5F /* Frameworks */,
			);
			sourceTree = "<group>";
		};
		609E61D227BBAA270057E66B /* Products */ = {
			isa = PBXGroup;
			children = (
				609E61D127BBAA270057E66B /* PexelsDemo.app */,
				609E61E727BBAA290057E66B /* PexelsDemoTests.xctest */,
				609E61F127BBAA290057E66B /* PexelsDemoUITests.xctest */,
			);
			name = Products;
			sourceTree = "<group>";
		};
		609E61D327BBAA270057E66B /* PexelsDemo */ = {
			isa = PBXGroup;
			children = (
				609E620927BBAF8D0057E66B /* Networking */,
				609E61D427BBAA270057E66B /* AppDelegate.swift */,
				609E61D627BBAA270057E66B /* SceneDelegate.swift */,
				609E61D827BBAA270057E66B /* ViewController.swift */,
				609E61DA27BBAA270057E66B /* Main.storyboard */,
				609E61DD27BBAA290057E66B /* Assets.xcassets */,
				609E61DF27BBAA290057E66B /* LaunchScreen.storyboard */,
				609E61E227BBAA290057E66B /* Info.plist */,
				609E620427BBABE90057E66B /* ViewModel.swift */,
				60670CB027BCF8FD00702B48 /* PhotoViewCell.swift */,
				60670CB127BCF8FD00702B48 /* PhotoViewCell.xib */,
			);
			path = PexelsDemo;
			sourceTree = "<group>";
		};
		609E61EA27BBAA290057E66B /* PexelsDemoTests */ = {
			isa = PBXGroup;
			children = (
				609E61EB27BBAA290057E66B /* PexelsDemoTests.swift */,
			);
			path = PexelsDemoTests;
			sourceTree = "<group>";
		};
		609E61F427BBAA290057E66B /* PexelsDemoUITests */ = {
			isa = PBXGroup;
			children = (
				609E61F527BBAA290057E66B /* PexelsDemoUITests.swift */,
				609E61F727BBAA290057E66B /* PexelsDemoUITestsLaunchTests.swift */,
			);
			path = PexelsDemoUITests;
			sourceTree = "<group>";
		};
		609E620927BBAF8D0057E66B /* Networking */ = {
			isa = PBXGroup;
			children = (
				609E620A27BBAFAB0057E66B /* APIClient.swift */,
				609E620C27BBB0B80057E66B /* APIResource.swift */,
				609E620E27BBBE310057E66B /* NetworkRequest.swift */,
				609E621027BBC3190057E66B /* ImageRequest.swift */,
				609E621227BBC7A80057E66B /* APIRequest.swift */,
				609E621427BBCBE20057E66B /* Photo.swift */,
				60670CAE27BCD26200702B48 /* PhotosResource.swift */,
			);
			path = Networking;
			sourceTree = "<group>";
		};
/* End PBXGroup section */

/* Begin PBXNativeTarget section */
		609E61D027BBAA270057E66B /* PexelsDemo */ = {
			isa = PBXNativeTarget;
			buildConfigurationList = 609E61FB27BBAA290057E66B /* Build configuration list for PBXNativeTarget "PexelsDemo" */;
			buildPhases = (
				0939D9462949FEC6455D2680 /* [CP] Check Pods Manifest.lock */,
				609E61CD27BBAA270057E66B /* Sources */,
				609E61CE27BBAA270057E66B /* Frameworks */,
				609E61CF27BBAA270057E66B /* Resources */,
			);
			buildRules = (
			);
			dependencies = (
			);
			name = PexelsDemo;
			productName = PexelsDemo;
			productReference = 609E61D127BBAA270057E66B /* PexelsDemo.app */;
			productType = "com.apple.product-type.application";
		};
		609E61E627BBAA290057E66B /* PexelsDemoTests */ = {
			isa = PBXNativeTarget;
			buildConfigurationList = 609E61FE27BBAA290057E66B /* Build configuration list for PBXNativeTarget "PexelsDemoTests" */;
			buildPhases = (
				F51EA0BD3D02D736B059BE51 /* [CP] Check Pods Manifest.lock */,
				609E61E327BBAA290057E66B /* Sources */,
				609E61E427BBAA290057E66B /* Frameworks */,
				609E61E527BBAA290057E66B /* Resources */,
			);
			buildRules = (
			);
			dependencies = (
				609E61E927BBAA290057E66B /* PBXTargetDependency */,
			);
			name = PexelsDemoTests;
			productName = PexelsDemoTests;
			productReference = 609E61E727BBAA290057E66B /* PexelsDemoTests.xctest */;
			productType = "com.apple.product-type.bundle.unit-test";
		};
		609E61F027BBAA290057E66B /* PexelsDemoUITests */ = {
			isa = PBXNativeTarget;
			buildConfigurationList = 609E620127BBAA290057E66B /* Build configuration list for PBXNativeTarget "PexelsDemoUITests" */;
			buildPhases = (
				609E61ED27BBAA290057E66B /* Sources */,
				609E61EE27BBAA290057E66B /* Frameworks */,
				609E61EF27BBAA290057E66B /* Resources */,
			);
			buildRules = (
			);
			dependencies = (
				609E61F327BBAA290057E66B /* PBXTargetDependency */,
			);
			name = PexelsDemoUITests;
			productName = PexelsDemoUITests;
			productReference = 609E61F127BBAA290057E66B /* PexelsDemoUITests.xctest */;
			productType = "com.apple.product-type.bundle.ui-testing";
		};
/* End PBXNativeTarget section */

/* Begin PBXProject section */
		609E61C927BBAA270057E66B /* Project object */ = {
			isa = PBXProject;
			attributes = {
				BuildIndependentTargetsInParallel = 1;
				LastSwiftUpdateCheck = 1310;
				LastUpgradeCheck = 1310;
				TargetAttributes = {
					609E61D027BBAA270057E66B = {
						CreatedOnToolsVersion = 13.1;
					};
					609E61E627BBAA290057E66B = {
						CreatedOnToolsVersion = 13.1;
						TestTargetID = 609E61D027BBAA270057E66B;
					};
					609E61F027BBAA290057E66B = {
						CreatedOnToolsVersion = 13.1;
						TestTargetID = 609E61D027BBAA270057E66B;
					};
				};
			};
			buildConfigurationList = 609E61CC27BBAA270057E66B /* Build configuration list for PBXProject "PexelsDemo" */;
			compatibilityVersion = "Xcode 13.0";
			developmentRegion = en;
			hasScannedForEncodings = 0;
			knownRegions = (
				en,
				Base,
			);
			mainGroup = 609E61C827BBAA270057E66B;
			productRefGroup = 609E61D227BBAA270057E66B /* Products */;
			projectDirPath = "";
			projectRoot = "";
			targets = (
				609E61D027BBAA270057E66B /* PexelsDemo */,
				609E61E627BBAA290057E66B /* PexelsDemoTests */,
				609E61F027BBAA290057E66B /* PexelsDemoUITests */,
			);
		};
/* End PBXProject section */

/* Begin PBXResourcesBuildPhase section */
		609E61CF27BBAA270057E66B /* Resources */ = {
			isa = PBXResourcesBuildPhase;
			buildActionMask = 2147483647;
			files = (
				609E61E127BBAA290057E66B /* LaunchScreen.storyboard in Resources */,
				609E61DE27BBAA290057E66B /* Assets.xcassets in Resources */,
				609E61DC27BBAA270057E66B /* Main.storyboard in Resources */,
				60670CB327BCF8FD00702B48 /* PhotoViewCell.xib in Resources */,
			);
			runOnlyForDeploymentPostprocessing = 0;
		};
		609E61E527BBAA290057E66B /* Resources */ = {
			isa = PBXResourcesBuildPhase;
			buildActionMask = 2147483647;
			files = (
			);
			runOnlyForDeploymentPostprocessing = 0;
		};
		609E61EF27BBAA290057E66B /* Resources */ = {
			isa = PBXResourcesBuildPhase;
			buildActionMask = 2147483647;
			files = (
			);
			runOnlyForDeploymentPostprocessing = 0;
		};
/* End PBXResourcesBuildPhase section */

/* Begin PBXShellScriptBuildPhase section */
		0939D9462949FEC6455D2680 /* [CP] Check Pods Manifest.lock */ = {
			isa = PBXShellScriptBuildPhase;
			buildActionMask = 2147483647;
			files = (
			);
			inputFileListPaths = (
			);
			inputPaths = (
				"${PODS_PODFILE_DIR_PATH}/Podfile.lock",
				"${PODS_ROOT}/Manifest.lock",
			);
			name = "[CP] Check Pods Manifest.lock";
			outputFileListPaths = (
			);
			outputPaths = (
				"$(DERIVED_FILE_DIR)/Pods-PexelsDemo-checkManifestLockResult.txt",
			);
			runOnlyForDeploymentPostprocessing = 0;
			shellPath = /bin/sh;
			shellScript = "diff \"${PODS_PODFILE_DIR_PATH}/Podfile.lock\" \"${PODS_ROOT}/Manifest.lock\" > /dev/null\nif [ $? != 0 ] ; then\n    # print error to STDERR\n    echo \"error: The sandbox is not in sync with the Podfile.lock. Run 'pod install' or update your CocoaPods installation.\" >&2\n    exit 1\nfi\n# This output is used by Xcode 'outputs' to avoid re-running this script phase.\necho \"SUCCESS\" > \"${SCRIPT_OUTPUT_FILE_0}\"\n";
			showEnvVarsInLog = 0;
		};
		F51EA0BD3D02D736B059BE51 /* [CP] Check Pods Manifest.lock */ = {
			isa = PBXShellScriptBuildPhase;
			buildActionMask = 2147483647;
			files = (
			);
			inputFileListPaths = (
			);
			inputPaths = (
				"${PODS_PODFILE_DIR_PATH}/Podfile.lock",
				"${PODS_ROOT}/Manifest.lock",
			);
			name = "[CP] Check Pods Manifest.lock";
			outputFileListPaths = (
			);
			outputPaths = (
				"$(DERIVED_FILE_DIR)/Pods-PexelsDemoTests-checkManifestLockResult.txt",
			);
			runOnlyForDeploymentPostprocessing = 0;
			shellPath = /bin/sh;
			shellScript = "diff \"${PODS_PODFILE_DIR_PATH}/Podfile.lock\" \"${PODS_ROOT}/Manifest.lock\" > /dev/null\nif [ $? != 0 ] ; then\n    # print error to STDERR\n    echo \"error: The sandbox is not in sync with the Podfile.lock. Run 'pod install' or update your CocoaPods installation.\" >&2\n    exit 1\nfi\n# This output is used by Xcode 'outputs' to avoid re-running this script phase.\necho \"SUCCESS\" > \"${SCRIPT_OUTPUT_FILE_0}\"\n";
			showEnvVarsInLog = 0;
		};
/* End PBXShellScriptBuildPhase section */

/* Begin PBXSourcesBuildPhase section */
		609E61CD27BBAA270057E66B /* Sources */ = {
			isa = PBXSourcesBuildPhase;
			buildActionMask = 2147483647;
			files = (
				609E61D927BBAA270057E66B /* ViewController.swift in Sources */,
				60670CAF27BCD26200702B48 /* PhotosResource.swift in Sources */,
				609E620F27BBBE310057E66B /* NetworkRequest.swift in Sources */,
				609E61D527BBAA270057E66B /* AppDelegate.swift in Sources */,
				609E620527BBABE90057E66B /* ViewModel.swift in Sources */,
				609E620D27BBB0B80057E66B /* APIResource.swift in Sources */,
				609E61D727BBAA270057E66B /* SceneDelegate.swift in Sources */,
				609E621527BBCBE20057E66B /* Photo.swift in Sources */,
				609E621127BBC3190057E66B /* ImageRequest.swift in Sources */,
				609E621327BBC7A80057E66B /* APIRequest.swift in Sources */,
				609E620B27BBAFAB0057E66B /* APIClient.swift in Sources */,
				60670CB227BCF8FD00702B48 /* PhotoViewCell.swift in Sources */,
			);
			runOnlyForDeploymentPostprocessing = 0;
		};
		609E61E327BBAA290057E66B /* Sources */ = {
			isa = PBXSourcesBuildPhase;
			buildActionMask = 2147483647;
			files = (
				609E61EC27BBAA290057E66B /* PexelsDemoTests.swift in Sources */,
			);
			runOnlyForDeploymentPostprocessing = 0;
		};
		609E61ED27BBAA290057E66B /* Sources */ = {
			isa = PBXSourcesBuildPhase;
			buildActionMask = 2147483647;
			files = (
				609E61F827BBAA290057E66B /* PexelsDemoUITestsLaunchTests.swift in Sources */,
				609E61F627BBAA290057E66B /* PexelsDemoUITests.swift in Sources */,
			);
			runOnlyForDeploymentPostprocessing = 0;
		};
/* End PBXSourcesBuildPhase section */

/* Begin PBXTargetDependency section */
		609E61E927BBAA290057E66B /* PBXTargetDependency */ = {
			isa = PBXTargetDependency;
			target = 609E61D027BBAA270057E66B /* PexelsDemo */;
			targetProxy = 609E61E827BBAA290057E66B /* PBXContainerItemProxy */;
		};
		609E61F327BBAA290057E66B /* PBXTargetDependency */ = {
			isa = PBXTargetDependency;
			target = 609E61D027BBAA270057E66B /* PexelsDemo */;
			targetProxy = 609E61F227BBAA290057E66B /* PBXContainerItemProxy */;
		};
/* End PBXTargetDependency section */

/* Begin PBXVariantGroup section */
		609E61DA27BBAA270057E66B /* Main.storyboard */ = {
			isa = PBXVariantGroup;
			children = (
				609E61DB27BBAA270057E66B /* Base */,
			);
			name = Main.storyboard;
			sourceTree = "<group>";
		};
		609E61DF27BBAA290057E66B /* LaunchScreen.storyboard */ = {
			isa = PBXVariantGroup;
			children = (
				609E61E027BBAA290057E66B /* Base */,
			);
			name = LaunchScreen.storyboard;
			sourceTree = "<group>";
		};
/* End PBXVariantGroup section */

/* Begin XCBuildConfiguration section */
		609E61F927BBAA290057E66B /* Debug */ = {
			isa = XCBuildConfiguration;
			buildSettings = {
				ALWAYS_SEARCH_USER_PATHS = NO;
				CLANG_ANALYZER_NONNULL = YES;
				CLANG_ANALYZER_NUMBER_OBJECT_CONVERSION = YES_AGGRESSIVE;
				CLANG_CXX_LANGUAGE_STANDARD = "gnu++17";
				CLANG_CXX_LIBRARY = "libc++";
				CLANG_ENABLE_MODULES = YES;
				CLANG_ENABLE_OBJC_ARC = YES;
				CLANG_ENABLE_OBJC_WEAK = YES;
				CLANG_WARN_BLOCK_CAPTURE_AUTORELEASING = YES;
				CLANG_WARN_BOOL_CONVERSION = YES;
				CLANG_WARN_COMMA = YES;
				CLANG_WARN_CONSTANT_CONVERSION = YES;
				CLANG_WARN_DEPRECATED_OBJC_IMPLEMENTATIONS = YES;
				CLANG_WARN_DIRECT_OBJC_ISA_USAGE = YES_ERROR;
				CLANG_WARN_DOCUMENTATION_COMMENTS = YES;
				CLANG_WARN_EMPTY_BODY = YES;
				CLANG_WARN_ENUM_CONVERSION = YES;
				CLANG_WARN_INFINITE_RECURSION = YES;
				CLANG_WARN_INT_CONVERSION = YES;
				CLANG_WARN_NON_LITERAL_NULL_CONVERSION = YES;
				CLANG_WARN_OBJC_IMPLICIT_RETAIN_SELF = YES;
				CLANG_WARN_OBJC_LITERAL_CONVERSION = YES;
				CLANG_WARN_OBJC_ROOT_CLASS = YES_ERROR;
				CLANG_WARN_QUOTED_INCLUDE_IN_FRAMEWORK_HEADER = YES;
				CLANG_WARN_RANGE_LOOP_ANALYSIS = YES;
				CLANG_WARN_STRICT_PROTOTYPES = YES;
				CLANG_WARN_SUSPICIOUS_MOVE = YES;
				CLANG_WARN_UNGUARDED_AVAILABILITY = YES_AGGRESSIVE;
				CLANG_WARN_UNREACHABLE_CODE = YES;
				CLANG_WARN__DUPLICATE_METHOD_MATCH = YES;
				COPY_PHASE_STRIP = NO;
				DEBUG_INFORMATION_FORMAT = dwarf;
				ENABLE_STRICT_OBJC_MSGSEND = YES;
				ENABLE_TESTABILITY = YES;
				GCC_C_LANGUAGE_STANDARD = gnu11;
				GCC_DYNAMIC_NO_PIC = NO;
				GCC_NO_COMMON_BLOCKS = YES;
				GCC_OPTIMIZATION_LEVEL = 0;
				GCC_PREPROCESSOR_DEFINITIONS = (
					"DEBUG=1",
					"$(inherited)",
				);
				GCC_WARN_64_TO_32_BIT_CONVERSION = YES;
				GCC_WARN_ABOUT_RETURN_TYPE = YES_ERROR;
				GCC_WARN_UNDECLARED_SELECTOR = YES;
				GCC_WARN_UNINITIALIZED_AUTOS = YES_AGGRESSIVE;
				GCC_WARN_UNUSED_FUNCTION = YES;
				GCC_WARN_UNUSED_VARIABLE = YES;
				IPHONEOS_DEPLOYMENT_TARGET = 15.0;
				MTL_ENABLE_DEBUG_INFO = INCLUDE_SOURCE;
				MTL_FAST_MATH = YES;
				ONLY_ACTIVE_ARCH = YES;
				SDKROOT = iphoneos;
				SWIFT_ACTIVE_COMPILATION_CONDITIONS = DEBUG;
				SWIFT_OPTIMIZATION_LEVEL = "-Onone";
			};
			name = Debug;
		};
		609E61FA27BBAA290057E66B /* Release */ = {
			isa = XCBuildConfiguration;
			buildSettings = {
				ALWAYS_SEARCH_USER_PATHS = NO;
				CLANG_ANALYZER_NONNULL = YES;
				CLANG_ANALYZER_NUMBER_OBJECT_CONVERSION = YES_AGGRESSIVE;
				CLANG_CXX_LANGUAGE_STANDARD = "gnu++17";
				CLANG_CXX_LIBRARY = "libc++";
				CLANG_ENABLE_MODULES = YES;
				CLANG_ENABLE_OBJC_ARC = YES;
				CLANG_ENABLE_OBJC_WEAK = YES;
				CLANG_WARN_BLOCK_CAPTURE_AUTORELEASING = YES;
				CLANG_WARN_BOOL_CONVERSION = YES;
				CLANG_WARN_COMMA = YES;
				CLANG_WARN_CONSTANT_CONVERSION = YES;
				CLANG_WARN_DEPRECATED_OBJC_IMPLEMENTATIONS = YES;
				CLANG_WARN_DIRECT_OBJC_ISA_USAGE = YES_ERROR;
				CLANG_WARN_DOCUMENTATION_COMMENTS = YES;
				CLANG_WARN_EMPTY_BODY = YES;
				CLANG_WARN_ENUM_CONVERSION = YES;
				CLANG_WARN_INFINITE_RECURSION = YES;
				CLANG_WARN_INT_CONVERSION = YES;
				CLANG_WARN_NON_LITERAL_NULL_CONVERSION = YES;
				CLANG_WARN_OBJC_IMPLICIT_RETAIN_SELF = YES;
				CLANG_WARN_OBJC_LITERAL_CONVERSION = YES;
				CLANG_WARN_OBJC_ROOT_CLASS = YES_ERROR;
				CLANG_WARN_QUOTED_INCLUDE_IN_FRAMEWORK_HEADER = YES;
				CLANG_WARN_RANGE_LOOP_ANALYSIS = YES;
				CLANG_WARN_STRICT_PROTOTYPES = YES;
				CLANG_WARN_SUSPICIOUS_MOVE = YES;
				CLANG_WARN_UNGUARDED_AVAILABILITY = YES_AGGRESSIVE;
				CLANG_WARN_UNREACHABLE_CODE = YES;
				CLANG_WARN__DUPLICATE_METHOD_MATCH = YES;
				COPY_PHASE_STRIP = NO;
				DEBUG_INFORMATION_FORMAT = "dwarf-with-dsym";
				ENABLE_NS_ASSERTIONS = NO;
				ENABLE_STRICT_OBJC_MSGSEND = YES;
				GCC_C_LANGUAGE_STANDARD = gnu11;
				GCC_NO_COMMON_BLOCKS = YES;
				GCC_WARN_64_TO_32_BIT_CONVERSION = YES;
				GCC_WARN_ABOUT_RETURN_TYPE = YES_ERROR;
				GCC_WARN_UNDECLARED_SELECTOR = YES;
				GCC_WARN_UNINITIALIZED_AUTOS = YES_AGGRESSIVE;
				GCC_WARN_UNUSED_FUNCTION = YES;
				GCC_WARN_UNUSED_VARIABLE = YES;
				IPHONEOS_DEPLOYMENT_TARGET = 15.0;
				MTL_ENABLE_DEBUG_INFO = NO;
				MTL_FAST_MATH = YES;
				SDKROOT = iphoneos;
				SWIFT_COMPILATION_MODE = wholemodule;
				SWIFT_OPTIMIZATION_LEVEL = "-O";
				VALIDATE_PRODUCT = YES;
			};
			name = Release;
		};
		609E61FC27BBAA290057E66B /* Debug */ = {
			isa = XCBuildConfiguration;
			baseConfigurationReference = CF409E64CF5CC3E65D5C36C2 /* Pods-PexelsDemo.debug.xcconfig */;
			buildSettings = {
				ASSETCATALOG_COMPILER_APPICON_NAME = AppIcon;
				ASSETCATALOG_COMPILER_GLOBAL_ACCENT_COLOR_NAME = AccentColor;
				CODE_SIGN_STYLE = Automatic;
				CURRENT_PROJECT_VERSION = 1;
				DEVELOPMENT_TEAM = LTQM8JC8X8;
				GENERATE_INFOPLIST_FILE = YES;
				INFOPLIST_FILE = PexelsDemo/Info.plist;
				INFOPLIST_KEY_UIApplicationSupportsIndirectInputEvents = YES;
				INFOPLIST_KEY_UILaunchStoryboardName = LaunchScreen;
				INFOPLIST_KEY_UIMainStoryboardFile = Main;
				INFOPLIST_KEY_UISupportedInterfaceOrientations_iPad = "UIInterfaceOrientationPortrait UIInterfaceOrientationPortraitUpsideDown UIInterfaceOrientationLandscapeLeft UIInterfaceOrientationLandscapeRight";
				INFOPLIST_KEY_UISupportedInterfaceOrientations_iPhone = "UIInterfaceOrientationPortrait UIInterfaceOrientationLandscapeLeft UIInterfaceOrientationLandscapeRight";
				LD_RUNPATH_SEARCH_PATHS = (
					"$(inherited)",
					"@executable_path/Frameworks",
				);
				MARKETING_VERSION = 1.0;
				PRODUCT_BUNDLE_IDENTIFIER = com.kyushucoder.PexelsDemo;
				PRODUCT_NAME = "$(TARGET_NAME)";
				SWIFT_EMIT_LOC_STRINGS = YES;
				SWIFT_VERSION = 5.0;
				TARGETED_DEVICE_FAMILY = "1,2";
			};
			name = Debug;
		};
		609E61FD27BBAA290057E66B /* Release */ = {
			isa = XCBuildConfiguration;
			baseConfigurationReference = 6B8562F631364BBD140A6F21 /* Pods-PexelsDemo.release.xcconfig */;
			buildSettings = {
				ASSETCATALOG_COMPILER_APPICON_NAME = AppIcon;
				ASSETCATALOG_COMPILER_GLOBAL_ACCENT_COLOR_NAME = AccentColor;
				CODE_SIGN_STYLE = Automatic;
				CURRENT_PROJECT_VERSION = 1;
				DEVELOPMENT_TEAM = LTQM8JC8X8;
				GENERATE_INFOPLIST_FILE = YES;
				INFOPLIST_FILE = PexelsDemo/Info.plist;
				INFOPLIST_KEY_UIApplicationSupportsIndirectInputEvents = YES;
				INFOPLIST_KEY_UILaunchStoryboardName = LaunchScreen;
				INFOPLIST_KEY_UIMainStoryboardFile = Main;
				INFOPLIST_KEY_UISupportedInterfaceOrientations_iPad = "UIInterfaceOrientationPortrait UIInterfaceOrientationPortraitUpsideDown UIInterfaceOrientationLandscapeLeft UIInterfaceOrientationLandscapeRight";
				INFOPLIST_KEY_UISupportedInterfaceOrientations_iPhone = "UIInterfaceOrientationPortrait UIInterfaceOrientationLandscapeLeft UIInterfaceOrientationLandscapeRight";
				LD_RUNPATH_SEARCH_PATHS = (
					"$(inherited)",
					"@executable_path/Frameworks",
				);
				MARKETING_VERSION = 1.0;
				PRODUCT_BUNDLE_IDENTIFIER = com.kyushucoder.PexelsDemo;
				PRODUCT_NAME = "$(TARGET_NAME)";
				SWIFT_EMIT_LOC_STRINGS = YES;
				SWIFT_VERSION = 5.0;
				TARGETED_DEVICE_FAMILY = "1,2";
			};
			name = Release;
		};
		609E61FF27BBAA290057E66B /* Debug */ = {
			isa = XCBuildConfiguration;
			baseConfigurationReference = 2F78905CDA80BAB2977215C4 /* Pods-PexelsDemoTests.debug.xcconfig */;
			buildSettings = {
				ALWAYS_EMBED_SWIFT_STANDARD_LIBRARIES = YES;
				BUNDLE_LOADER = "$(TEST_HOST)";
				CODE_SIGN_STYLE = Automatic;
				CURRENT_PROJECT_VERSION = 1;
				DEVELOPMENT_TEAM = LTQM8JC8X8;
				GENERATE_INFOPLIST_FILE = YES;
				IPHONEOS_DEPLOYMENT_TARGET = 15.0;
				LD_RUNPATH_SEARCH_PATHS = (
					"$(inherited)",
					"@executable_path/Frameworks",
					"@loader_path/Frameworks",
				);
				MARKETING_VERSION = 1.0;
				PRODUCT_BUNDLE_IDENTIFIER = com.kyushucoder.PexelsDemoTests;
				PRODUCT_NAME = "$(TARGET_NAME)";
				SWIFT_EMIT_LOC_STRINGS = NO;
				SWIFT_VERSION = 5.0;
				TARGETED_DEVICE_FAMILY = "1,2";
				TEST_HOST = "$(BUILT_PRODUCTS_DIR)/PexelsDemo.app/PexelsDemo";
			};
			name = Debug;
		};
		609E620027BBAA290057E66B /* Release */ = {
			isa = XCBuildConfiguration;
			baseConfigurationReference = BA30679F4EB31274DF93260A /* Pods-PexelsDemoTests.release.xcconfig */;
			buildSettings = {
				ALWAYS_EMBED_SWIFT_STANDARD_LIBRARIES = YES;
				BUNDLE_LOADER = "$(TEST_HOST)";
				CODE_SIGN_STYLE = Automatic;
				CURRENT_PROJECT_VERSION = 1;
				DEVELOPMENT_TEAM = LTQM8JC8X8;
				GENERATE_INFOPLIST_FILE = YES;
				IPHONEOS_DEPLOYMENT_TARGET = 15.0;
				LD_RUNPATH_SEARCH_PATHS = (
					"$(inherited)",
					"@executable_path/Frameworks",
					"@loader_path/Frameworks",
				);
				MARKETING_VERSION = 1.0;
				PRODUCT_BUNDLE_IDENTIFIER = com.kyushucoder.PexelsDemoTests;
				PRODUCT_NAME = "$(TARGET_NAME)";
				SWIFT_EMIT_LOC_STRINGS = NO;
				SWIFT_VERSION = 5.0;
				TARGETED_DEVICE_FAMILY = "1,2";
				TEST_HOST = "$(BUILT_PRODUCTS_DIR)/PexelsDemo.app/PexelsDemo";
			};
			name = Release;
		};
		609E620227BBAA290057E66B /* Debug */ = {
			isa = XCBuildConfiguration;
			buildSettings = {
				ALWAYS_EMBED_SWIFT_STANDARD_LIBRARIES = YES;
				CODE_SIGN_STYLE = Automatic;
				CURRENT_PROJECT_VERSION = 1;
				DEVELOPMENT_TEAM = LTQM8JC8X8;
				GENERATE_INFOPLIST_FILE = YES;
				LD_RUNPATH_SEARCH_PATHS = (
					"$(inherited)",
					"@executable_path/Frameworks",
					"@loader_path/Frameworks",
				);
				MARKETING_VERSION = 1.0;
				PRODUCT_BUNDLE_IDENTIFIER = com.kyushucoder.PexelsDemoUITests;
				PRODUCT_NAME = "$(TARGET_NAME)";
				SWIFT_EMIT_LOC_STRINGS = NO;
				SWIFT_VERSION = 5.0;
				TARGETED_DEVICE_FAMILY = "1,2";
				TEST_TARGET_NAME = PexelsDemo;
			};
			name = Debug;
		};
		609E620327BBAA290057E66B /* Release */ = {
			isa = XCBuildConfiguration;
			buildSettings = {
				ALWAYS_EMBED_SWIFT_STANDARD_LIBRARIES = YES;
				CODE_SIGN_STYLE = Automatic;
				CURRENT_PROJECT_VERSION = 1;
				DEVELOPMENT_TEAM = LTQM8JC8X8;
				GENERATE_INFOPLIST_FILE = YES;
				LD_RUNPATH_SEARCH_PATHS = (
					"$(inherited)",
					"@executable_path/Frameworks",
					"@loader_path/Frameworks",
				);
				MARKETING_VERSION = 1.0;
				PRODUCT_BUNDLE_IDENTIFIER = com.kyushucoder.PexelsDemoUITests;
				PRODUCT_NAME = "$(TARGET_NAME)";
				SWIFT_EMIT_LOC_STRINGS = NO;
				SWIFT_VERSION = 5.0;
				TARGETED_DEVICE_FAMILY = "1,2";
				TEST_TARGET_NAME = PexelsDemo;
			};
			name = Release;
		};
/* End XCBuildConfiguration section */

/* Begin XCConfigurationList section */
		609E61CC27BBAA270057E66B /* Build configuration list for PBXProject "PexelsDemo" */ = {
			isa = XCConfigurationList;
			buildConfigurations = (
				609E61F927BBAA290057E66B /* Debug */,
				609E61FA27BBAA290057E66B /* Release */,
			);
			defaultConfigurationIsVisible = 0;
			defaultConfigurationName = Release;
		};
		609E61FB27BBAA290057E66B /* Build configuration list for PBXNativeTarget "PexelsDemo" */ = {
			isa = XCConfigurationList;
			buildConfigurations = (
				609E61FC27BBAA290057E66B /* Debug */,
				609E61FD27BBAA290057E66B /* Release */,
			);
			defaultConfigurationIsVisible = 0;
			defaultConfigurationName = Release;
		};
		609E61FE27BBAA290057E66B /* Build configuration list for PBXNativeTarget "PexelsDemoTests" */ = {
			isa = XCConfigurationList;
			buildConfigurations = (
				609E61FF27BBAA290057E66B /* Debug */,
				609E620027BBAA290057E66B /* Release */,
			);
			defaultConfigurationIsVisible = 0;
			defaultConfigurationName = Release;
		};
		609E620127BBAA290057E66B /* Build configuration list for PBXNativeTarget "PexelsDemoUITests" */ = {
			isa = XCConfigurationList;
			buildConfigurations = (
				609E620227BBAA290057E66B /* Debug */,
				609E620327BBAA290057E66B /* Release */,
			);
			defaultConfigurationIsVisible = 0;
			defaultConfigurationName = Release;
		};
/* End XCConfigurationList section */
	};
	rootObject = 609E61C927BBAA270057E66B /* Project object */;
}
